
Microsoft Visual Studio Solution File, Format Version 12.00
# Visual Studio Version 17
VisualStudioVersion = 17.14.36301.6 d17.14
MinimumVisualStudioVersion = 10.0.40219.1
Project("{FAE04EC0-301F-11D3-BF4B-00C04F79EFBC}") = "Snowflakeeyy", "Snowflakeeyy.csproj", "{CCB79906-4857-46F0-957E-B3EEF164DA92}"
EndProject
Global
	GlobalSection(SolutionConfigurationPlatforms) = preSolution
		Debug|Any CPU = Debug|Any CPU
		Release|Any CPU = Release|Any CPU
	EndGlobalSection
	GlobalSection(ProjectConfigurationPlatforms) = postSolution
		{CCB79906-4857-46F0-957E-B3EEF164DA92}.Debug|Any CPU.ActiveCfg = Debug|Any CPU
		{CCB79906-4857-46F0-957E-B3EEF164DA92}.Debug|Any CPU.Build.0 = Debug|Any CPU
		{CCB79906-4857-46F0-957E-B3EEF164DA92}.Release|Any CPU.ActiveCfg = Release|Any CPU
		{CCB79906-4857-46F0-957E-B3EEF164DA92}.Release|Any CPU.Build.0 = Release|Any CPU
	EndGlobalSection
	GlobalSection(SolutionProperties) = preSolution
		HideSolutionNode = FALSE
	EndGlobalSection
	GlobalSection(ExtensibilityGlobals) = postSolution
		SolutionGuid = {B78F7969-B342-416F-8207-7ECB0C2C128F}
	EndGlobalSection
EndGlobal
